# @generated by Move, please check-in and do not edit manually.

[move]
version = 3
manifest_digest = "46C616A2FB4AA5638D113E05E5E7BDC243C30EE352D82F2CD9FFFF4F8A0443DA"
deps_digest = "F8BBB0CCB2491CA29A3DF03D6F92277A4F3574266507ACD77214D37ECA3F3082"
dependencies = [
  { id = "One", name = "One" },
]

[[move.package]]
id = "MoveStdlib"
source = { git = "https://github.com/one-chain-labs/onechain.git", rev = "framework/testnet", subdir = "crates/sui-framework/packages/move-stdlib" }

[[move.package]]
id = "One"
source = { git = "https://github.com/one-chain-labs/onechain.git", rev = "framework/testnet", subdir = "crates/sui-framework/packages/one-framework" }

dependencies = [
  { id = "MoveStdlib", name = "MoveStdlib" },
]

[move.toolchain-version]
compiler-version = "1.0.1"
edition = "2024.beta"
flavor = "one"

[env]

[env.testnet]
chain-id = "1bd5c965"
original-published-id = "0x764a5593802fd51e3136abfe2f8b15058085f64f2d2d7410875fa8d8eb229733"
latest-published-id = "0x764a5593802fd51e3136abfe2f8b15058085f64f2d2d7410875fa8d8eb229733"
published-version = "1"
